
Microsoft Visual Studio Solution File, Format Version 12.00
# Visual Studio Version 17
VisualStudioVersion = 17.5.002.0
MinimumVisualStudioVersion = 10.0.40219.1
Project("{2150E333-8FDC-42A3-9474-1A3956D46DE8}") = "csharp-prep", "csharp-prep", "{179C318E-A37F-4C1C-884F-71EB654AF023}"
EndProject
Project("{9A19103F-16F7-4668-BE54-9A1E7A4F7556}") = "Prep1", "csharp-prep\Prep1\Prep1.csproj", "{2514AFCC-3C8F-41C5-AC42-8A1DF1A77207}"
EndProject
Project("{9A19103F-16F7-4668-BE54-9A1E7A4F7556}") = "Prep2", "csharp-prep\Prep2\Prep2.csproj", "{13B24ECE-29B0-4F1A-817A-895FCB470E6C}"
EndProject
Project("{9A19103F-16F7-4668-BE54-9A1E7A4F7556}") = "Prep3", "csharp-prep\Prep3\Prep3.csproj", "{FD066EC0-88C2-44B1-A361-A1ED674C60AD}"
EndProject
Project("{9A19103F-16F7-4668-BE54-9A1E7A4F7556}") = "Prep4", "csharp-prep\Prep4\Prep4.csproj", "{C3F7540D-BD81-4E20-9EE3-F07CFC55FE0E}"
EndProject
Project("{9A19103F-16F7-4668-BE54-9A1E7A4F7556}") = "Prep5", "csharp-prep\Prep5\Prep5.csproj", "{A5567DD1-02D0-4AEF-AF04-4CAE07F172CA}"
EndProject
Project("{2150E333-8FDC-42A3-9474-1A3956D46DE8}") = "final", "final", "{C3332C03-B3E4-4908-AED2-50C7EDF8A13B}"
EndProject
Project("{9A19103F-16F7-4668-BE54-9A1E7A4F7556}") = "FinalProject", "final\FinalProject\FinalProject.csproj", "{21C5C77E-05A2-466F-983C-F4DEF1722399}"
EndProject
Project("{9A19103F-16F7-4668-BE54-9A1E7A4F7556}") = "Foundation1", "final\Foundation1\Foundation1.csproj", "{5275C4A8-BC35-4A0A-9C0D-02DD86E21510}"
EndProject
Project("{9A19103F-16F7-4668-BE54-9A1E7A4F7556}") = "Foundation2", "final\Foundation2\Foundation2.csproj", "{3FC7F42E-40CF-4FAA-8B70-92FE62481BC2}"
EndProject
Project("{9A19103F-16F7-4668-BE54-9A1E7A4F7556}") = "Foundation3", "final\Foundation3\Foundation3.csproj", "{1EF93B3C-9C8D-4C48-8D00-893B33C5A9CD}"
EndProject
Project("{9A19103F-16F7-4668-BE54-9A1E7A4F7556}") = "Foundation4", "final\Foundation4\Foundation4.csproj", "{28313C2F-8207-4EB2-85B9-11F6DD3CA8FC}"
EndProject
Project("{2150E333-8FDC-42A3-9474-1A3956D46DE8}") = "prepare", "prepare", "{8BA46106-C760-4457-A552-6F7E78A2EEEE}"
EndProject
Project("{9A19103F-16F7-4668-BE54-9A1E7A4F7556}") = "Learning02", "prepare\Learning02\Learning02.csproj", "{E3C6F5DC-91A3-4D62-9684-427442BDF67F}"
EndProject
Project("{9A19103F-16F7-4668-BE54-9A1E7A4F7556}") = "Learning03", "prepare\Learning03\Learning03.csproj", "{AE6AB773-C591-4AAC-8075-0AED88CBA2A3}"
EndProject
Project("{9A19103F-16F7-4668-BE54-9A1E7A4F7556}") = "Learning04", "prepare\Learning04\Learning04.csproj", "{598991AE-AE72-4ED7-890A-E427636A3F47}"
EndProject
Project("{9A19103F-16F7-4668-BE54-9A1E7A4F7556}") = "Learning05", "prepare\Learning05\Learning05.csproj", "{1B3B263D-C2FB-4E92-B35A-C5AB03024327}"
EndProject
Project("{2150E333-8FDC-42A3-9474-1A3956D46DE8}") = "prove", "prove", "{A451B800-A105-4A0F-BBDA-504415C7447E}"
EndProject
Project("{9A19103F-16F7-4668-BE54-9A1E7A4F7556}") = "Develop02", "prove\Develop02\Develop02.csproj", "{998C2BAC-5B89-46B0-B423-67B4E9447B49}"
EndProject
Project("{9A19103F-16F7-4668-BE54-9A1E7A4F7556}") = "Develop03", "prove\Develop03\Develop03.csproj", "{104B241F-5438-4F68-8211-D5E8EB2C954F}"
EndProject
Project("{9A19103F-16F7-4668-BE54-9A1E7A4F7556}") = "Develop04", "prove\Develop04\Develop04.csproj", "{7C4E5DEA-BFCF-484C-867E-A87DD184C54E}"
EndProject
Project("{9A19103F-16F7-4668-BE54-9A1E7A4F7556}") = "Develop05", "prove\Develop05\Develop05.csproj", "{323E8FFB-E646-4300-A1B3-B0C2F8DE086D}"
EndProject
Project("{2150E333-8FDC-42A3-9474-1A3956D46DE8}") = "sandbox", "sandbox", "{82FD59F7-C081-4FC4-A005-B23E95CD4381}"
EndProject
Project("{9A19103F-16F7-4668-BE54-9A1E7A4F7556}") = "Sandbox", "sandbox\Sandbox\Sandbox.csproj", "{D58D9070-EA98-4DBB-9D40-94F76DFE9CB6}"
EndProject
Global
	GlobalSection(SolutionConfigurationPlatforms) = preSolution
		Debug|Any CPU = Debug|Any CPU
		Release|Any CPU = Release|Any CPU
	EndGlobalSection
	GlobalSection(ProjectConfigurationPlatforms) = postSolution
		{2514AFCC-3C8F-41C5-AC42-8A1DF1A77207}.Debug|Any CPU.ActiveCfg = Debug|Any CPU
		{2514AFCC-3C8F-41C5-AC42-8A1DF1A77207}.Debug|Any CPU.Build.0 = Debug|Any CPU
		{2514AFCC-3C8F-41C5-AC42-8A1DF1A77207}.Release|Any CPU.ActiveCfg = Release|Any CPU
		{2514AFCC-3C8F-41C5-AC42-8A1DF1A77207}.Release|Any CPU.Build.0 = Release|Any CPU
		{13B24ECE-29B0-4F1A-817A-895FCB470E6C}.Debug|Any CPU.ActiveCfg = Debug|Any CPU
		{13B24ECE-29B0-4F1A-817A-895FCB470E6C}.Debug|Any CPU.Build.0 = Debug|Any CPU
		{13B24ECE-29B0-4F1A-817A-895FCB470E6C}.Release|Any CPU.ActiveCfg = Release|Any CPU
		{13B24ECE-29B0-4F1A-817A-895FCB470E6C}.Release|Any CPU.Build.0 = Release|Any CPU
		{FD066EC0-88C2-44B1-A361-A1ED674C60AD}.Debug|Any CPU.ActiveCfg = Debug|Any CPU
		{FD066EC0-88C2-44B1-A361-A1ED674C60AD}.Debug|Any CPU.Build.0 = Debug|Any CPU
		{FD066EC0-88C2-44B1-A361-A1ED674C60AD}.Release|Any CPU.ActiveCfg = Release|Any CPU
		{FD066EC0-88C2-44B1-A361-A1ED674C60AD}.Release|Any CPU.Build.0 = Release|Any CPU
		{C3F7540D-BD81-4E20-9EE3-F07CFC55FE0E}.Debug|Any CPU.ActiveCfg = Debug|Any CPU
		{C3F7540D-BD81-4E20-9EE3-F07CFC55FE0E}.Debug|Any CPU.Build.0 = Debug|Any CPU
		{C3F7540D-BD81-4E20-9EE3-F07CFC55FE0E}.Release|Any CPU.ActiveCfg = Release|Any CPU
		{C3F7540D-BD81-4E20-9EE3-F07CFC55FE0E}.Release|Any CPU.Build.0 = Release|Any CPU
		{A5567DD1-02D0-4AEF-AF04-4CAE07F172CA}.Debug|Any CPU.ActiveCfg = Debug|Any CPU
		{A5567DD1-02D0-4AEF-AF04-4CAE07F172CA}.Debug|Any CPU.Build.0 = Debug|Any CPU
		{A5567DD1-02D0-4AEF-AF04-4CAE07F172CA}.Release|Any CPU.ActiveCfg = Release|Any CPU
		{A5567DD1-02D0-4AEF-AF04-4CAE07F172CA}.Release|Any CPU.Build.0 = Release|Any CPU
		{21C5C77E-05A2-466F-983C-F4DEF1722399}.Debug|Any CPU.ActiveCfg = Debug|Any CPU
		{21C5C77E-05A2-466F-983C-F4DEF1722399}.Debug|Any CPU.Build.0 = Debug|Any CPU
		{21C5C77E-05A2-466F-983C-F4DEF1722399}.Release|Any CPU.ActiveCfg = Release|Any CPU
		{21C5C77E-05A2-466F-983C-F4DEF1722399}.Release|Any CPU.Build.0 = Release|Any CPU
		{5275C4A8-BC35-4A0A-9C0D-02DD86E21510}.Debug|Any CPU.ActiveCfg = Debug|Any CPU
		{5275C4A8-BC35-4A0A-9C0D-02DD86E21510}.Debug|Any CPU.Build.0 = Debug|Any CPU
		{5275C4A8-BC35-4A0A-9C0D-02DD86E21510}.Release|Any CPU.ActiveCfg = Release|Any CPU
		{5275C4A8-BC35-4A0A-9C0D-02DD86E21510}.Release|Any CPU.Build.0 = Release|Any CPU
		{3FC7F42E-40CF-4FAA-8B70-92FE62481BC2}.Debug|Any CPU.ActiveCfg = Debug|Any CPU
		{3FC7F42E-40CF-4FAA-8B70-92FE62481BC2}.Debug|Any CPU.Build.0 = Debug|Any CPU
		{3FC7F42E-40CF-4FAA-8B70-92FE62481BC2}.Release|Any CPU.ActiveCfg = Release|Any CPU
		{3FC7F42E-40CF-4FAA-8B70-92FE62481BC2}.Release|Any CPU.Build.0 = Release|Any CPU
		{1EF93B3C-9C8D-4C48-8D00-893B33C5A9CD}.Debug|Any CPU.ActiveCfg = Debug|Any CPU
		{1EF93B3C-9C8D-4C48-8D00-893B33C5A9CD}.Debug|Any CPU.Build.0 = Debug|Any CPU
		{1EF93B3C-9C8D-4C48-8D00-893B33C5A9CD}.Release|Any CPU.ActiveCfg = Release|Any CPU
		{1EF93B3C-9C8D-4C48-8D00-893B33C5A9CD}.Release|Any CPU.Build.0 = Release|Any CPU
		{28313C2F-8207-4EB2-85B9-11F6DD3CA8FC}.Debug|Any CPU.ActiveCfg = Debug|Any CPU
		{28313C2F-8207-4EB2-85B9-11F6DD3CA8FC}.Debug|Any CPU.Build.0 = Debug|Any CPU
		{28313C2F-8207-4EB2-85B9-11F6DD3CA8FC}.Release|Any CPU.ActiveCfg = Release|Any CPU
		{28313C2F-8207-4EB2-85B9-11F6DD3CA8FC}.Release|Any CPU.Build.0 = Release|Any CPU
		{E3C6F5DC-91A3-4D62-9684-427442BDF67F}.Debug|Any CPU.ActiveCfg = Debug|Any CPU
		{E3C6F5DC-91A3-4D62-9684-427442BDF67F}.Debug|Any CPU.Build.0 = Debug|Any CPU
		{E3C6F5DC-91A3-4D62-9684-427442BDF67F}.Release|Any CPU.ActiveCfg = Release|Any CPU
		{E3C6F5DC-91A3-4D62-9684-427442BDF67F}.Release|Any CPU.Build.0 = Release|Any CPU
		{AE6AB773-C591-4AAC-8075-0AED88CBA2A3}.Debug|Any CPU.ActiveCfg = Debug|Any CPU
		{AE6AB773-C591-4AAC-8075-0AED88CBA2A3}.Debug|Any CPU.Build.0 = Debug|Any CPU
		{AE6AB773-C591-4AAC-8075-0AED88CBA2A3}.Release|Any CPU.ActiveCfg = Release|Any CPU
		{AE6AB773-C591-4AAC-8075-0AED88CBA2A3}.Release|Any CPU.Build.0 = Release|Any CPU
		{598991AE-AE72-4ED7-890A-E427636A3F47}.Debug|Any CPU.ActiveCfg = Debug|Any CPU
		{598991AE-AE72-4ED7-890A-E427636A3F47}.Debug|Any CPU.Build.0 = Debug|Any CPU
		{598991AE-AE72-4ED7-890A-E427636A3F47}.Release|Any CPU.ActiveCfg = Release|Any CPU
		{598991AE-AE72-4ED7-890A-E427636A3F47}.Release|Any CPU.Build.0 = Release|Any CPU
		{1B3B263D-C2FB-4E92-B35A-C5AB03024327}.Debug|Any CPU.ActiveCfg = Debug|Any CPU
		{1B3B263D-C2FB-4E92-B35A-C5AB03024327}.Debug|Any CPU.Build.0 = Debug|Any CPU
		{1B3B263D-C2FB-4E92-B35A-C5AB03024327}.Release|Any CPU.ActiveCfg = Release|Any CPU
		{1B3B263D-C2FB-4E92-B35A-C5AB03024327}.Release|Any CPU.Build.0 = Release|Any CPU
		{998C2BAC-5B89-46B0-B423-67B4E9447B49}.Debug|Any CPU.ActiveCfg = Debug|Any CPU
		{998C2BAC-5B89-46B0-B423-67B4E9447B49}.Debug|Any CPU.Build.0 = Debug|Any CPU
		{998C2BAC-5B89-46B0-B423-67B4E9447B49}.Release|Any CPU.ActiveCfg = Release|Any CPU
		{998C2BAC-5B89-46B0-B423-67B4E9447B49}.Release|Any CPU.Build.0 = Release|Any CPU
		{104B241F-5438-4F68-8211-D5E8EB2C954F}.Debug|Any CPU.ActiveCfg = Debug|Any CPU
		{104B241F-5438-4F68-8211-D5E8EB2C954F}.Debug|Any CPU.Build.0 = Debug|Any CPU
		{104B241F-5438-4F68-8211-D5E8EB2C954F}.Release|Any CPU.ActiveCfg = Release|Any CPU
		{104B241F-5438-4F68-8211-D5E8EB2C954F}.Release|Any CPU.Build.0 = Release|Any CPU
		{7C4E5DEA-BFCF-484C-867E-A87DD184C54E}.Debug|Any CPU.ActiveCfg = Debug|Any CPU
		{7C4E5DEA-BFCF-484C-867E-A87DD184C54E}.Debug|Any CPU.Build.0 = Debug|Any CPU
		{7C4E5DEA-BFCF-484C-867E-A87DD184C54E}.Release|Any CPU.ActiveCfg = Release|Any CPU
		{7C4E5DEA-BFCF-484C-867E-A87DD184C54E}.Release|Any CPU.Build.0 = Release|Any CPU
		{323E8FFB-E646-4300-A1B3-B0C2F8DE086D}.Debug|Any CPU.ActiveCfg = Debug|Any CPU
		{323E8FFB-E646-4300-A1B3-B0C2F8DE086D}.Debug|Any CPU.Build.0 = Debug|Any CPU
		{323E8FFB-E646-4300-A1B3-B0C2F8DE086D}.Release|Any CPU.ActiveCfg = Release|Any CPU
		{323E8FFB-E646-4300-A1B3-B0C2F8DE086D}.Release|Any CPU.Build.0 = Release|Any CPU
		{D58D9070-EA98-4DBB-9D40-94F76DFE9CB6}.Debug|Any CPU.ActiveCfg = Debug|Any CPU
		{D58D9070-EA98-4DBB-9D40-94F76DFE9CB6}.Debug|Any CPU.Build.0 = Debug|Any CPU
		{D58D9070-EA98-4DBB-9D40-94F76DFE9CB6}.Release|Any CPU.ActiveCfg = Release|Any CPU
		{D58D9070-EA98-4DBB-9D40-94F76DFE9CB6}.Release|Any CPU.Build.0 = Release|Any CPU
	EndGlobalSection
	GlobalSection(SolutionProperties) = preSolution
		HideSolutionNode = FALSE
	EndGlobalSection
	GlobalSection(NestedProjects) = preSolution
		{2514AFCC-3C8F-41C5-AC42-8A1DF1A77207} = {179C318E-A37F-4C1C-884F-71EB654AF023}
		{13B24ECE-29B0-4F1A-817A-895FCB470E6C} = {179C318E-A37F-4C1C-884F-71EB654AF023}
		{FD066EC0-88C2-44B1-A361-A1ED674C60AD} = {179C318E-A37F-4C1C-884F-71EB654AF023}
		{C3F7540D-BD81-4E20-9EE3-F07CFC55FE0E} = {179C318E-A37F-4C1C-884F-71EB654AF023}
		{A5567DD1-02D0-4AEF-AF04-4CAE07F172CA} = {179C318E-A37F-4C1C-884F-71EB654AF023}
		{21C5C77E-05A2-466F-983C-F4DEF1722399} = {C3332C03-B3E4-4908-AED2-50C7EDF8A13B}
		{5275C4A8-BC35-4A0A-9C0D-02DD86E21510} = {C3332C03-B3E4-4908-AED2-50C7EDF8A13B}
		{3FC7F42E-40CF-4FAA-8B70-92FE62481BC2} = {C3332C03-B3E4-4908-AED2-50C7EDF8A13B}
		{1EF93B3C-9C8D-4C48-8D00-893B33C5A9CD} = {C3332C03-B3E4-4908-AED2-50C7EDF8A13B}
		{28313C2F-8207-4EB2-85B9-11F6DD3CA8FC} = {C3332C03-B3E4-4908-AED2-50C7EDF8A13B}
		{E3C6F5DC-91A3-4D62-9684-427442BDF67F} = {8BA46106-C760-4457-A552-6F7E78A2EEEE}
		{AE6AB773-C591-4AAC-8075-0AED88CBA2A3} = {8BA46106-C760-4457-A552-6F7E78A2EEEE}
		{598991AE-AE72-4ED7-890A-E427636A3F47} = {8BA46106-C760-4457-A552-6F7E78A2EEEE}
		{1B3B263D-C2FB-4E92-B35A-C5AB03024327} = {8BA46106-C760-4457-A552-6F7E78A2EEEE}
		{998C2BAC-5B89-46B0-B423-67B4E9447B49} = {A451B800-A105-4A0F-BBDA-504415C7447E}
		{104B241F-5438-4F68-8211-D5E8EB2C954F} = {A451B800-A105-4A0F-BBDA-504415C7447E}
		{7C4E5DEA-BFCF-484C-867E-A87DD184C54E} = {A451B800-A105-4A0F-BBDA-504415C7447E}
		{323E8FFB-E646-4300-A1B3-B0C2F8DE086D} = {A451B800-A105-4A0F-BBDA-504415C7447E}
		{D58D9070-EA98-4DBB-9D40-94F76DFE9CB6} = {82FD59F7-C081-4FC4-A005-B23E95CD4381}
	EndGlobalSection
	GlobalSection(ExtensibilityGlobals) = postSolution
		SolutionGuid = {183ED52F-721E-4891-8BC5-77705BCAE688}
	EndGlobalSection
EndGlobal
